
Microsoft Visual Studio Solution File, Format Version 12.00
# Visual Studio 15
VisualStudioVersion = 15.0.27703.2018
MinimumVisualStudioVersion = 10.0.40219.1
Project("{8BC9CEB8-8B4A-11D0-8D11-00A0C91BC942}") = "Lab01", "Lab1\Lab1.vcxproj", "{880E34C9-A515-4ACF-B7C5-C590626EBEE1}"
EndProject
Global
	GlobalSection(SolutionConfigurationPlatforms) = preSolution
		Debug|x64 = Debug|x64
		Debug|x86 = Debug|x86
		Release|x64 = Release|x64
		Release|x86 = Release|x86
	EndGlobalSection
	GlobalSection(ProjectConfigurationPlatforms) = postSolution
		{880E34C9-A515-4ACF-B7C5-C590626EBEE1}.Debug|x64.ActiveCfg = Debug|x64
		{880E34C9-A515-4ACF-B7C5-C590626EBEE1}.Debug|x64.Build.0 = Debug|x64
		{880E34C9-A515-4ACF-B7C5-C590626EBEE1}.Debug|x86.ActiveCfg = Debug|Win32
		{880E34C9-A515-4ACF-B7C5-C590626EBEE1}.Debug|x86.Build.0 = Debug|Win32
		{880E34C9-A515-4ACF-B7C5-C590626EBEE1}.Release|x64.ActiveCfg = Release|x64
		{880E34C9-A515-4ACF-B7C5-C590626EBEE1}.Release|x64.Build.0 = Release|x64
		{880E34C9-A515-4ACF-B7C5-C590626EBEE1}.Release|x86.ActiveCfg = Release|Win32
		{880E34C9-A515-4ACF-B7C5-C590626EBEE1}.Release|x86.Build.0 = Release|Win32
	EndGlobalSection
	GlobalSection(SolutionProperties) = preSolution
		HideSolutionNode = FALSE
	EndGlobalSection
	GlobalSection(ExtensibilityGlobals) = postSolution
		SolutionGuid = {8A7AFAC0-86D8-4D4B-9CFC-9F0CE5C32C79}
	EndGlobalSection
EndGlobal
